
Microsoft Visual Studio Solution File, Format Version 12.00
# Visual Studio Version 16
VisualStudioVersion = 16.0.31005.135
MinimumVisualStudioVersion = 15.0.26124.0
Project("{2150E333-8FDC-42A3-9474-1A3956D46DE8}") = "CsprojToAsmdef", "CsprojToAsmdef", "{248E705F-5800-4868-A1F8-A4C7E3910DDA}"
EndProject
Project("{2150E333-8FDC-42A3-9474-1A3956D46DE8}") = "Assets", "Assets", "{ECD91EAB-0067-4812-86AB-8B179157C0CB}"
	ProjectSection(SolutionItems) = preProject
		CsprojToAsmdef\Assets\Directory.Build.props = CsprojToAsmdef\Assets\Directory.Build.props
		CsprojToAsmdef\Assets\Directory.Build.targets = CsprojToAsmdef\Assets\Directory.Build.targets
	EndProjectSection
EndProject
Project("{9A19103F-16F7-4668-BE54-9A1E7A4F7556}") = "Sample", "CsprojToAsmdef\Assets\Sample\Sample.csproj", "{714AE85F-46E4-40F1-B707-A6723724938B}"
EndProject
Project("{9A19103F-16F7-4668-BE54-9A1E7A4F7556}") = "CsprojToAsmdef", "CsprojToAsmdef\Assets\CsprojToAsmdef\CsprojToAsmdef.csproj", "{068C687F-8A6C-4675-966A-876B0F3DEA38}"
EndProject
Project("{9A19103F-16F7-4668-BE54-9A1E7A4F7556}") = "CsprojToAsmdef.Cli", "CsprojToAsmdef.Cli\CsprojToAsmdef.Cli.csproj", "{D5211E10-5965-4499-AE64-EE71CE5AADA6}"
EndProject
Project("{9A19103F-16F7-4668-BE54-9A1E7A4F7556}") = "CsprojToAsmdef.Build", "CsprojToAsmdef.Build\CsprojToAsmdef.Build.csproj", "{C501AE1A-CC32-4F10-B9B1-F13ECD55A4DF}"
EndProject
Project("{2150E333-8FDC-42A3-9474-1A3956D46DE8}") = "Solution Items", "Solution Items", "{D3F0817B-B868-47EC-A02E-141EDDD5ED71}"
	ProjectSection(SolutionItems) = preProject
		global.json = global.json
	EndProjectSection
EndProject
Global
	GlobalSection(SolutionConfigurationPlatforms) = preSolution
		Debug|Any CPU = Debug|Any CPU
		Debug|x64 = Debug|x64
		Debug|x86 = Debug|x86
		Release|Any CPU = Release|Any CPU
		Release|x64 = Release|x64
		Release|x86 = Release|x86
	EndGlobalSection
	GlobalSection(ProjectConfigurationPlatforms) = postSolution
		{714AE85F-46E4-40F1-B707-A6723724938B}.Debug|Any CPU.ActiveCfg = Debug|Any CPU
		{714AE85F-46E4-40F1-B707-A6723724938B}.Debug|Any CPU.Build.0 = Debug|Any CPU
		{714AE85F-46E4-40F1-B707-A6723724938B}.Debug|x64.ActiveCfg = Debug|Any CPU
		{714AE85F-46E4-40F1-B707-A6723724938B}.Debug|x64.Build.0 = Debug|Any CPU
		{714AE85F-46E4-40F1-B707-A6723724938B}.Debug|x86.ActiveCfg = Debug|Any CPU
		{714AE85F-46E4-40F1-B707-A6723724938B}.Debug|x86.Build.0 = Debug|Any CPU
		{714AE85F-46E4-40F1-B707-A6723724938B}.Release|Any CPU.ActiveCfg = Release|Any CPU
		{714AE85F-46E4-40F1-B707-A6723724938B}.Release|Any CPU.Build.0 = Release|Any CPU
		{714AE85F-46E4-40F1-B707-A6723724938B}.Release|x64.ActiveCfg = Release|Any CPU
		{714AE85F-46E4-40F1-B707-A6723724938B}.Release|x64.Build.0 = Release|Any CPU
		{714AE85F-46E4-40F1-B707-A6723724938B}.Release|x86.ActiveCfg = Release|Any CPU
		{714AE85F-46E4-40F1-B707-A6723724938B}.Release|x86.Build.0 = Release|Any CPU
		{068C687F-8A6C-4675-966A-876B0F3DEA38}.Debug|Any CPU.ActiveCfg = Debug|Any CPU
		{068C687F-8A6C-4675-966A-876B0F3DEA38}.Debug|Any CPU.Build.0 = Debug|Any CPU
		{068C687F-8A6C-4675-966A-876B0F3DEA38}.Debug|x64.ActiveCfg = Debug|Any CPU
		{068C687F-8A6C-4675-966A-876B0F3DEA38}.Debug|x64.Build.0 = Debug|Any CPU
		{068C687F-8A6C-4675-966A-876B0F3DEA38}.Debug|x86.ActiveCfg = Debug|Any CPU
		{068C687F-8A6C-4675-966A-876B0F3DEA38}.Debug|x86.Build.0 = Debug|Any CPU
		{068C687F-8A6C-4675-966A-876B0F3DEA38}.Release|Any CPU.ActiveCfg = Release|Any CPU
		{068C687F-8A6C-4675-966A-876B0F3DEA38}.Release|Any CPU.Build.0 = Release|Any CPU
		{068C687F-8A6C-4675-966A-876B0F3DEA38}.Release|x64.ActiveCfg = Release|Any CPU
		{068C687F-8A6C-4675-966A-876B0F3DEA38}.Release|x64.Build.0 = Release|Any CPU
		{068C687F-8A6C-4675-966A-876B0F3DEA38}.Release|x86.ActiveCfg = Release|Any CPU
		{068C687F-8A6C-4675-966A-876B0F3DEA38}.Release|x86.Build.0 = Release|Any CPU
		{D5211E10-5965-4499-AE64-EE71CE5AADA6}.Debug|Any CPU.ActiveCfg = Debug|Any CPU
		{D5211E10-5965-4499-AE64-EE71CE5AADA6}.Debug|Any CPU.Build.0 = Debug|Any CPU
		{D5211E10-5965-4499-AE64-EE71CE5AADA6}.Debug|x64.ActiveCfg = Debug|Any CPU
		{D5211E10-5965-4499-AE64-EE71CE5AADA6}.Debug|x64.Build.0 = Debug|Any CPU
		{D5211E10-5965-4499-AE64-EE71CE5AADA6}.Debug|x86.ActiveCfg = Debug|Any CPU
		{D5211E10-5965-4499-AE64-EE71CE5AADA6}.Debug|x86.Build.0 = Debug|Any CPU
		{D5211E10-5965-4499-AE64-EE71CE5AADA6}.Release|Any CPU.ActiveCfg = Release|Any CPU
		{D5211E10-5965-4499-AE64-EE71CE5AADA6}.Release|Any CPU.Build.0 = Release|Any CPU
		{D5211E10-5965-4499-AE64-EE71CE5AADA6}.Release|x64.ActiveCfg = Release|Any CPU
		{D5211E10-5965-4499-AE64-EE71CE5AADA6}.Release|x64.Build.0 = Release|Any CPU
		{D5211E10-5965-4499-AE64-EE71CE5AADA6}.Release|x86.ActiveCfg = Release|Any CPU
		{D5211E10-5965-4499-AE64-EE71CE5AADA6}.Release|x86.Build.0 = Release|Any CPU
		{C501AE1A-CC32-4F10-B9B1-F13ECD55A4DF}.Debug|Any CPU.ActiveCfg = Debug|Any CPU
		{C501AE1A-CC32-4F10-B9B1-F13ECD55A4DF}.Debug|x64.ActiveCfg = Debug|Any CPU
		{C501AE1A-CC32-4F10-B9B1-F13ECD55A4DF}.Debug|x64.Build.0 = Debug|Any CPU
		{C501AE1A-CC32-4F10-B9B1-F13ECD55A4DF}.Debug|x86.ActiveCfg = Debug|Any CPU
		{C501AE1A-CC32-4F10-B9B1-F13ECD55A4DF}.Debug|x86.Build.0 = Debug|Any CPU
		{C501AE1A-CC32-4F10-B9B1-F13ECD55A4DF}.Release|Any CPU.ActiveCfg = Release|Any CPU
		{C501AE1A-CC32-4F10-B9B1-F13ECD55A4DF}.Release|x64.ActiveCfg = Release|Any CPU
		{C501AE1A-CC32-4F10-B9B1-F13ECD55A4DF}.Release|x64.Build.0 = Release|Any CPU
		{C501AE1A-CC32-4F10-B9B1-F13ECD55A4DF}.Release|x86.ActiveCfg = Release|Any CPU
		{C501AE1A-CC32-4F10-B9B1-F13ECD55A4DF}.Release|x86.Build.0 = Release|Any CPU
	EndGlobalSection
	GlobalSection(SolutionProperties) = preSolution
		HideSolutionNode = FALSE
	EndGlobalSection
	GlobalSection(NestedProjects) = preSolution
		{ECD91EAB-0067-4812-86AB-8B179157C0CB} = {248E705F-5800-4868-A1F8-A4C7E3910DDA}
		{714AE85F-46E4-40F1-B707-A6723724938B} = {ECD91EAB-0067-4812-86AB-8B179157C0CB}
		{068C687F-8A6C-4675-966A-876B0F3DEA38} = {ECD91EAB-0067-4812-86AB-8B179157C0CB}
	EndGlobalSection
	GlobalSection(ExtensibilityGlobals) = postSolution
		SolutionGuid = {20C610B4-DE23-4A0B-9DDD-2BCA6D308915}
	EndGlobalSection
EndGlobal
